
Microsoft Visual Studio Solution File, Format Version 10.00
# Visual Basic Express 2008
Project("{F184B08F-C81C-45F6-A57F-5ABD9991F28F}") = "Localisation", "Localisation\Localisation.vbproj", "{3C08BE5B-D27C-4137-A69C-70F3241CC417}"
EndProject
Global
	GlobalSection(SolutionConfigurationPlatforms) = preSolution
		Debug|Any CPU = Debug|Any CPU
		Release|Any CPU = Release|Any CPU
	EndGlobalSection
	GlobalSection(ProjectConfigurationPlatforms) = postSolution
		{3C08BE5B-D27C-4137-A69C-70F3241CC417}.Debug|Any CPU.ActiveCfg = Debug|Any CPU
		{3C08BE5B-D27C-4137-A69C-70F3241CC417}.Debug|Any CPU.Build.0 = Debug|Any CPU
		{3C08BE5B-D27C-4137-A69C-70F3241CC417}.Release|Any CPU.ActiveCfg = Release|Any CPU
		{3C08BE5B-D27C-4137-A69C-70F3241CC417}.Release|Any CPU.Build.0 = Release|Any CPU
	EndGlobalSection
	GlobalSection(SolutionProperties) = preSolution
		HideSolutionNode = FALSE
	EndGlobalSection
EndGlobal
